
Microsoft Visual Studio Solution File, Format Version 12.00
# Visual Studio Version 16
VisualStudioVersion = 16.0.29911.98
MinimumVisualStudioVersion = 10.0.40219.1
Project("{FAE04EC0-301F-11D3-BF4B-00C04F79EFBC}") = "CodeTest", "CodeTest.csproj", "{91B74BA7-609F-48FA-9993-7BB46C21F00E}"
EndProject
Global
	GlobalSection(SolutionConfigurationPlatforms) = preSolution
		Debug|Any CPU = Debug|Any CPU
		Release|Any CPU = Release|Any CPU
	EndGlobalSection
	GlobalSection(ProjectConfigurationPlatforms) = postSolution
		{91B74BA7-609F-48FA-9993-7BB46C21F00E}.Debug|Any CPU.ActiveCfg = Debug|Any CPU
		{91B74BA7-609F-48FA-9993-7BB46C21F00E}.Debug|Any CPU.Build.0 = Debug|Any CPU
		{91B74BA7-609F-48FA-9993-7BB46C21F00E}.Release|Any CPU.ActiveCfg = Release|Any CPU
		{91B74BA7-609F-48FA-9993-7BB46C21F00E}.Release|Any CPU.Build.0 = Release|Any CPU
	EndGlobalSection
	GlobalSection(SolutionProperties) = preSolution
		HideSolutionNode = FALSE
	EndGlobalSection
	GlobalSection(ExtensibilityGlobals) = postSolution
		SolutionGuid = {4C3BAAA9-DD06-423D-A497-8D4503F3A8D5}
	EndGlobalSection
EndGlobal
